
Microsoft Visual Studio Solution File, Format Version 12.00
# Visual Studio Version 17
VisualStudioVersion = 17.9.34902.65
MinimumVisualStudioVersion = 10.0.40219.1
Project("{FAE04EC0-301F-11D3-BF4B-00C04F79EFBC}") = "frontend", "frontend\frontend.csproj", "{F67447E3-CCBE-46DC-9638-82D9865F9DE0}"
EndProject
Global
	GlobalSection(SolutionConfigurationPlatforms) = preSolution
		Debug|Any CPU = Debug|Any CPU
		Release|Any CPU = Release|Any CPU
	EndGlobalSection
	GlobalSection(ProjectConfigurationPlatforms) = postSolution
		{F67447E3-CCBE-46DC-9638-82D9865F9DE0}.Debug|Any CPU.ActiveCfg = Debug|Any CPU
		{F67447E3-CCBE-46DC-9638-82D9865F9DE0}.Debug|Any CPU.Build.0 = Debug|Any CPU
		{F67447E3-CCBE-46DC-9638-82D9865F9DE0}.Release|Any CPU.ActiveCfg = Release|Any CPU
		{F67447E3-CCBE-46DC-9638-82D9865F9DE0}.Release|Any CPU.Build.0 = Release|Any CPU
	EndGlobalSection
	GlobalSection(SolutionProperties) = preSolution
		HideSolutionNode = FALSE
	EndGlobalSection
	GlobalSection(ExtensibilityGlobals) = postSolution
		SolutionGuid = {68986CCA-A556-4B6B-95D8-DAB3CF53845D}
	EndGlobalSection
EndGlobal
